
Microsoft Visual Studio Solution File, Format Version 12.00
# Visual Studio Version 17
VisualStudioVersion = 17.4.33110.190
MinimumVisualStudioVersion = 10.0.40219.1
Project("{9A19103F-16F7-4668-BE54-9A1E7A4F7556}") = "InventoryApp.Api", "InventoryApp.Api\InventoryApp.Api.csproj", "{DDC83428-53BA-4762-9284-AB3175665F50}"
EndProject
Project("{9A19103F-16F7-4668-BE54-9A1E7A4F7556}") = "InventoryApp.Domain", "InventoryApp.Domain\InventoryApp.Domain.csproj", "{8B2B410B-F7F4-4F00-9239-919C6516117C}"
EndProject
Project("{9A19103F-16F7-4668-BE54-9A1E7A4F7556}") = "InventoryApp.Infrastructure", "InventoryApp.Infrastructure\InventoryApp.Infrastructure.csproj", "{D210EE97-6BAA-4B57-A9D3-97E4B4D94018}"
EndProject
Project("{2150E333-8FDC-42A3-9474-1A3956D46DE8}") = "Test", "Test", "{1347E1FA-79FE-427C-AD70-345853DEFC17}"
EndProject
Project("{2150E333-8FDC-42A3-9474-1A3956D46DE8}") = "src", "src", "{3A37CE41-1896-45BF-8036-1BDBA8A4610B}"
EndProject
Project("{9A19103F-16F7-4668-BE54-9A1E7A4F7556}") = "InventoryApp.Test", "Test\InventoryApp.Test\InventoryApp.Test.csproj", "{07A04B83-A347-41D1-A638-17C72C269018}"
EndProject
Global
	GlobalSection(SolutionConfigurationPlatforms) = preSolution
		Debug|Any CPU = Debug|Any CPU
		Release|Any CPU = Release|Any CPU
	EndGlobalSection
	GlobalSection(ProjectConfigurationPlatforms) = postSolution
		{DDC83428-53BA-4762-9284-AB3175665F50}.Debug|Any CPU.ActiveCfg = Debug|Any CPU
		{DDC83428-53BA-4762-9284-AB3175665F50}.Debug|Any CPU.Build.0 = Debug|Any CPU
		{DDC83428-53BA-4762-9284-AB3175665F50}.Release|Any CPU.ActiveCfg = Release|Any CPU
		{DDC83428-53BA-4762-9284-AB3175665F50}.Release|Any CPU.Build.0 = Release|Any CPU
		{8B2B410B-F7F4-4F00-9239-919C6516117C}.Debug|Any CPU.ActiveCfg = Debug|Any CPU
		{8B2B410B-F7F4-4F00-9239-919C6516117C}.Debug|Any CPU.Build.0 = Debug|Any CPU
		{8B2B410B-F7F4-4F00-9239-919C6516117C}.Release|Any CPU.ActiveCfg = Release|Any CPU
		{8B2B410B-F7F4-4F00-9239-919C6516117C}.Release|Any CPU.Build.0 = Release|Any CPU
		{D210EE97-6BAA-4B57-A9D3-97E4B4D94018}.Debug|Any CPU.ActiveCfg = Debug|Any CPU
		{D210EE97-6BAA-4B57-A9D3-97E4B4D94018}.Debug|Any CPU.Build.0 = Debug|Any CPU
		{D210EE97-6BAA-4B57-A9D3-97E4B4D94018}.Release|Any CPU.ActiveCfg = Release|Any CPU
		{D210EE97-6BAA-4B57-A9D3-97E4B4D94018}.Release|Any CPU.Build.0 = Release|Any CPU
		{07A04B83-A347-41D1-A638-17C72C269018}.Debug|Any CPU.ActiveCfg = Debug|Any CPU
		{07A04B83-A347-41D1-A638-17C72C269018}.Debug|Any CPU.Build.0 = Debug|Any CPU
		{07A04B83-A347-41D1-A638-17C72C269018}.Release|Any CPU.ActiveCfg = Release|Any CPU
		{07A04B83-A347-41D1-A638-17C72C269018}.Release|Any CPU.Build.0 = Release|Any CPU
	EndGlobalSection
	GlobalSection(SolutionProperties) = preSolution
		HideSolutionNode = FALSE
	EndGlobalSection
	GlobalSection(NestedProjects) = preSolution
		{DDC83428-53BA-4762-9284-AB3175665F50} = {3A37CE41-1896-45BF-8036-1BDBA8A4610B}
		{8B2B410B-F7F4-4F00-9239-919C6516117C} = {3A37CE41-1896-45BF-8036-1BDBA8A4610B}
		{D210EE97-6BAA-4B57-A9D3-97E4B4D94018} = {3A37CE41-1896-45BF-8036-1BDBA8A4610B}
		{07A04B83-A347-41D1-A638-17C72C269018} = {1347E1FA-79FE-427C-AD70-345853DEFC17}
	EndGlobalSection
	GlobalSection(ExtensibilityGlobals) = postSolution
		SolutionGuid = {5A7C9BE6-6815-4768-9FF7-AB85FF0605AB}
	EndGlobalSection
EndGlobal
